
Microsoft Visual Studio Solution File, Format Version 12.00
Project("{FAE04EC0-301F-11D3-BF4B-00C04F79EFBC}") = "Mineshop.Server.Service", "Mineshop.Server.Service\Mineshop.Server.Service.csproj", "{8030ECBA-D2DC-4956-8246-6CF9AE11CE7D}"
EndProject
Project("{FAE04EC0-301F-11D3-BF4B-00C04F79EFBC}") = "Mineshop.Server.Domain", "Mineshop.Server.Domain\Mineshop.Server.Domain.csproj", "{00771F4A-7B1B-4A9D-8F9A-D96840DA22FC}"
EndProject
Project("{FAE04EC0-301F-11D3-BF4B-00C04F79EFBC}") = "Mineshop.Server.Infrastructure", "Mineshop.Server.Infrastructure\Mineshop.Server.Infrastructure.csproj", "{8B611E49-1D47-4F37-8699-4BCB8748C862}"
EndProject
Project("{FAE04EC0-301F-11D3-BF4B-00C04F79EFBC}") = "Mineshop.Server.Model", "Mineshop.Server.Model\Mineshop.Server.Model.csproj", "{00480D47-184E-41F3-BAFE-A7AC0552BCD1}"
EndProject
Project("{FAE04EC0-301F-11D3-BF4B-00C04F79EFBC}") = "Mineshop.Server.Application", "Mineshop.Server.Application\Mineshop.Server.Application.csproj", "{859B7B42-B08E-4291-A6C3-56636B391F65}"
EndProject
Project("{FAE04EC0-301F-11D3-BF4B-00C04F79EFBC}") = "Mineshop.Server.Payment", "Mineshop.Server.Payment\Mineshop.Server.Payment.csproj", "{C97CEA2A-24D4-4B97-A5AE-03D3A462BF62}"
EndProject
Global
	GlobalSection(SolutionConfigurationPlatforms) = preSolution
		Debug|Any CPU = Debug|Any CPU
		Release|Any CPU = Release|Any CPU
	EndGlobalSection
	GlobalSection(ProjectConfigurationPlatforms) = postSolution
		{8030ECBA-D2DC-4956-8246-6CF9AE11CE7D}.Debug|Any CPU.ActiveCfg = Debug|Any CPU
		{8030ECBA-D2DC-4956-8246-6CF9AE11CE7D}.Debug|Any CPU.Build.0 = Debug|Any CPU
		{8030ECBA-D2DC-4956-8246-6CF9AE11CE7D}.Release|Any CPU.ActiveCfg = Release|Any CPU
		{8030ECBA-D2DC-4956-8246-6CF9AE11CE7D}.Release|Any CPU.Build.0 = Release|Any CPU
		{00771F4A-7B1B-4A9D-8F9A-D96840DA22FC}.Debug|Any CPU.ActiveCfg = Debug|Any CPU
		{00771F4A-7B1B-4A9D-8F9A-D96840DA22FC}.Debug|Any CPU.Build.0 = Debug|Any CPU
		{00771F4A-7B1B-4A9D-8F9A-D96840DA22FC}.Release|Any CPU.ActiveCfg = Release|Any CPU
		{00771F4A-7B1B-4A9D-8F9A-D96840DA22FC}.Release|Any CPU.Build.0 = Release|Any CPU
		{8B611E49-1D47-4F37-8699-4BCB8748C862}.Debug|Any CPU.ActiveCfg = Debug|Any CPU
		{8B611E49-1D47-4F37-8699-4BCB8748C862}.Debug|Any CPU.Build.0 = Debug|Any CPU
		{8B611E49-1D47-4F37-8699-4BCB8748C862}.Release|Any CPU.ActiveCfg = Release|Any CPU
		{8B611E49-1D47-4F37-8699-4BCB8748C862}.Release|Any CPU.Build.0 = Release|Any CPU
		{00480D47-184E-41F3-BAFE-A7AC0552BCD1}.Debug|Any CPU.ActiveCfg = Debug|Any CPU
		{00480D47-184E-41F3-BAFE-A7AC0552BCD1}.Debug|Any CPU.Build.0 = Debug|Any CPU
		{00480D47-184E-41F3-BAFE-A7AC0552BCD1}.Release|Any CPU.ActiveCfg = Release|Any CPU
		{00480D47-184E-41F3-BAFE-A7AC0552BCD1}.Release|Any CPU.Build.0 = Release|Any CPU
		{859B7B42-B08E-4291-A6C3-56636B391F65}.Debug|Any CPU.ActiveCfg = Debug|Any CPU
		{859B7B42-B08E-4291-A6C3-56636B391F65}.Debug|Any CPU.Build.0 = Debug|Any CPU
		{859B7B42-B08E-4291-A6C3-56636B391F65}.Release|Any CPU.ActiveCfg = Release|Any CPU
		{859B7B42-B08E-4291-A6C3-56636B391F65}.Release|Any CPU.Build.0 = Release|Any CPU
		{C97CEA2A-24D4-4B97-A5AE-03D3A462BF62}.Debug|Any CPU.ActiveCfg = Debug|Any CPU
		{C97CEA2A-24D4-4B97-A5AE-03D3A462BF62}.Debug|Any CPU.Build.0 = Debug|Any CPU
		{C97CEA2A-24D4-4B97-A5AE-03D3A462BF62}.Release|Any CPU.ActiveCfg = Release|Any CPU
		{C97CEA2A-24D4-4B97-A5AE-03D3A462BF62}.Release|Any CPU.Build.0 = Release|Any CPU
	EndGlobalSection
EndGlobal
